
Microsoft Visual Studio Solution File, Format Version 12.00
# Visual Studio 2017
Project("{FAE04EC0-301F-11D3-BF4B-00C04F79EFBC}") = "Gestures---Unity2.Plugins", "Gestures---Unity2.Plugins.csproj", "{7780A3A0-536B-1272-D76C-5936BF165448}"
EndProject
Project("{FAE04EC0-301F-11D3-BF4B-00C04F79EFBC}") = "Gestures---Unity2", "Gestures---Unity2.csproj", "{1DE6340E-F7F1-977D-4DB1-F508F98AAB86}"
EndProject
Project("{FAE04EC0-301F-11D3-BF4B-00C04F79EFBC}") = "Gestures---Unity2.Editor.Plugins", "Gestures---Unity2.Editor.Plugins.csproj", "{C12D326F-6049-411D-1441-8655BE0DEE9B}"
EndProject
Project("{FAE04EC0-301F-11D3-BF4B-00C04F79EFBC}") = "Gestures---Unity2.Editor", "Gestures---Unity2.Editor.csproj", "{ECBCFC50-476A-0ECE-3148-7D161CBC74E0}"
EndProject
Global
	GlobalSection(SolutionConfigurationPlatforms) = preSolution
		Debug|Any CPU = Debug|Any CPU
		Release|Any CPU = Release|Any CPU
	EndGlobalSection
	GlobalSection(ProjectConfigurationPlatforms) = postSolution
		{7780A3A0-536B-1272-D76C-5936BF165448}.Debug|Any CPU.ActiveCfg = Debug|Any CPU
		{7780A3A0-536B-1272-D76C-5936BF165448}.Debug|Any CPU.Build.0 = Debug|Any CPU
		{7780A3A0-536B-1272-D76C-5936BF165448}.Release|Any CPU.ActiveCfg = Release|Any CPU
		{7780A3A0-536B-1272-D76C-5936BF165448}.Release|Any CPU.Build.0 = Release|Any CPU
		{1DE6340E-F7F1-977D-4DB1-F508F98AAB86}.Debug|Any CPU.ActiveCfg = Debug|Any CPU
		{1DE6340E-F7F1-977D-4DB1-F508F98AAB86}.Debug|Any CPU.Build.0 = Debug|Any CPU
		{1DE6340E-F7F1-977D-4DB1-F508F98AAB86}.Release|Any CPU.ActiveCfg = Release|Any CPU
		{1DE6340E-F7F1-977D-4DB1-F508F98AAB86}.Release|Any CPU.Build.0 = Release|Any CPU
		{C12D326F-6049-411D-1441-8655BE0DEE9B}.Debug|Any CPU.ActiveCfg = Debug|Any CPU
		{C12D326F-6049-411D-1441-8655BE0DEE9B}.Debug|Any CPU.Build.0 = Debug|Any CPU
		{C12D326F-6049-411D-1441-8655BE0DEE9B}.Release|Any CPU.ActiveCfg = Release|Any CPU
		{C12D326F-6049-411D-1441-8655BE0DEE9B}.Release|Any CPU.Build.0 = Release|Any CPU
		{ECBCFC50-476A-0ECE-3148-7D161CBC74E0}.Debug|Any CPU.ActiveCfg = Debug|Any CPU
		{ECBCFC50-476A-0ECE-3148-7D161CBC74E0}.Debug|Any CPU.Build.0 = Debug|Any CPU
		{ECBCFC50-476A-0ECE-3148-7D161CBC74E0}.Release|Any CPU.ActiveCfg = Release|Any CPU
		{ECBCFC50-476A-0ECE-3148-7D161CBC74E0}.Release|Any CPU.Build.0 = Release|Any CPU
	EndGlobalSection
	GlobalSection(SolutionProperties) = preSolution
		HideSolutionNode = FALSE
	EndGlobalSection
EndGlobal
